
Microsoft Visual Studio Solution File, Format Version 12.00
# Visual Studio Version 16
VisualStudioVersion = 16.0.32228.343
MinimumVisualStudioVersion = 10.0.40219.1
Project("{FAE04EC0-301F-11D3-BF4B-00C04F79EFBC}") = "MuseumManagementSystem", "MuseumManagementSystem\MuseumManagementSystem.csproj", "{8A1E736C-09F2-4851-98D6-ACB2174F7675}"
EndProject
Global
	GlobalSection(SolutionConfigurationPlatforms) = preSolution
		Debug|Any CPU = Debug|Any CPU
		Release|Any CPU = Release|Any CPU
	EndGlobalSection
	GlobalSection(ProjectConfigurationPlatforms) = postSolution
		{8A1E736C-09F2-4851-98D6-ACB2174F7675}.Debug|Any CPU.ActiveCfg = Debug|Any CPU
		{8A1E736C-09F2-4851-98D6-ACB2174F7675}.Debug|Any CPU.Build.0 = Debug|Any CPU
		{8A1E736C-09F2-4851-98D6-ACB2174F7675}.Release|Any CPU.ActiveCfg = Release|Any CPU
		{8A1E736C-09F2-4851-98D6-ACB2174F7675}.Release|Any CPU.Build.0 = Release|Any CPU
	EndGlobalSection
	GlobalSection(SolutionProperties) = preSolution
		HideSolutionNode = FALSE
	EndGlobalSection
	GlobalSection(ExtensibilityGlobals) = postSolution
		SolutionGuid = {F4F756A8-1FA0-4547-8A7F-809CB4875384}
	EndGlobalSection
EndGlobal
